
Microsoft Visual Studio Solution File, Format Version 12.00
# Visual Studio Version 17
VisualStudioVersion = 17.13.35818.85 d17.13
MinimumVisualStudioVersion = 10.0.40219.1
Project("{FAE04EC0-301F-11D3-BF4B-00C04F79EFBC}") = "TripExperienceAPI", "TripExperienceAPI.csproj", "{8013005D-130A-44FB-A4F7-900E1A410D27}"
EndProject
Global
	GlobalSection(SolutionConfigurationPlatforms) = preSolution
		Debug|Any CPU = Debug|Any CPU
		Release|Any CPU = Release|Any CPU
	EndGlobalSection
	GlobalSection(ProjectConfigurationPlatforms) = postSolution
		{8013005D-130A-44FB-A4F7-900E1A410D27}.Debug|Any CPU.ActiveCfg = Debug|Any CPU
		{8013005D-130A-44FB-A4F7-900E1A410D27}.Debug|Any CPU.Build.0 = Debug|Any CPU
		{8013005D-130A-44FB-A4F7-900E1A410D27}.Release|Any CPU.ActiveCfg = Release|Any CPU
		{8013005D-130A-44FB-A4F7-900E1A410D27}.Release|Any CPU.Build.0 = Release|Any CPU
	EndGlobalSection
	GlobalSection(SolutionProperties) = preSolution
		HideSolutionNode = FALSE
	EndGlobalSection
	GlobalSection(ExtensibilityGlobals) = postSolution
		SolutionGuid = {7FE00883-4162-4E9F-BD80-1E23E8BC5CAC}
	EndGlobalSection
EndGlobal
